{
  "version": 4,
  "terraform_version": "0.14.7",
  "serial": 10,
  "lineage": "db495529-287c-1c65-19fc-c79874b3e579",
  "outputs": {},
  "resources": [
    {
      "module": "module.ec-demo",
      "mode": "managed",
      "type": "aws_instance",
      "name": "ec2_terraform",
      "provider": "module.ec-demo.provider[\"registry.terraform.io/hashicorp/aws\"]",
      "instances": [
        {
          "schema_version": 1,
          "attributes": {
            "ami": "ami-0eeb03e72075b9bcc",
            "arn": "arn:aws:ec2:ap-south-1:502816329290:instance/i-0f57349d922f5e6df",
            "associate_public_ip_address": true,
            "availability_zone": "ap-south-1a",
            "cpu_core_count": 1,
            "cpu_threads_per_core": 1,
            "credit_specification": [
              {
                "cpu_credits": "standard"
              }
            ],
            "disable_api_termination": false,
            "ebs_block_device": [],
            "ebs_optimized": false,
            "enclave_options": [
              {
                "enabled": false
              }
            ],
            "ephemeral_block_device": [],
            "get_password_data": false,
            "hibernation": false,
            "host_id": null,
            "iam_instance_profile": "",
            "id": "i-0f57349d922f5e6df",
            "instance_initiated_shutdown_behavior": null,
            "instance_state": "running",
            "instance_type": "t2.small",
            "ipv6_address_count": 0,
            "ipv6_addresses": [],
            "key_name": "tf-demo",
            "metadata_options": [
              {
                "http_endpoint": "enabled",
                "http_put_response_hop_limit": 1,
                "http_tokens": "optional"
              }
            ],
            "monitoring": false,
            "network_interface": [],
            "outpost_arn": "",
            "password_data": "",
            "placement_group": "",
            "primary_network_interface_id": "eni-0bf26c49abe650bed",
            "private_dns": "ip-172-31-46-221.ap-south-1.compute.internal",
            "private_ip": "172.31.46.221",
            "public_dns": "ec2-13-233-113-190.ap-south-1.compute.amazonaws.com",
            "public_ip": "13.233.113.190",
            "root_block_device": [
              {
                "delete_on_termination": true,
                "device_name": "/dev/xvda",
                "encrypted": true,
                "iops": 100,
                "kms_key_id": "arn:aws:kms:ap-south-1:502816329290:key/031303d9-5c9f-454d-8e6e-06fb7463f84a",
                "tags": null,
                "throughput": 0,
                "volume_id": "vol-048dceb8deb9e8ce8",
                "volume_size": 10,
                "volume_type": "gp2"
              }
            ],
            "secondary_private_ips": [],
            "security_groups": [
              "sanju_gp"
            ],
            "source_dest_check": true,
            "subnet_id": "subnet-79cd2912",
            "tags": {
              "Application_Name": "Terraform_Demo",
              "Created_By": "Terraform_Automation",
              "Name": "ec2-tf-demo"
            },
            "tenancy": "default",
            "timeouts": null,
            "user_data": "7f4209bd1633d18bd2bfa882b85268086e7492b0",
            "user_data_base64": null,
            "volume_tags": null,
            "vpc_security_group_ids": [
              "sg-0cf0333778b9c7718"
            ]
          },
          "sensitive_attributes": [],
          "private": "eyJlMmJmYjczMC1lY2FhLTExZTYtOGY4OC0zNDM2M2JjN2M0YzAiOnsiY3JlYXRlIjo2MDAwMDAwMDAwMDAsImRlbGV0ZSI6MTIwMDAwMDAwMDAwMCwidXBkYXRlIjo2MDAwMDAwMDAwMDB9LCJzY2hlbWFfdmVyc2lvbiI6IjEifQ==",
          "dependencies": [
            "module.ec-demo.aws_security_group.allow_http_mod_demo"
          ]
        }
      ]
    },
    {
      "module": "module.ec-demo",
      "mode": "managed",
      "type": "aws_security_group",
      "name": "allow_http_mod_demo",
      "provider": "module.ec-demo.provider[\"registry.terraform.io/hashicorp/aws\"]",
      "instances": [
        {
          "schema_version": 1,
          "attributes": {
            "arn": "arn:aws:ec2:ap-south-1:502816329290:security-group/sg-0cf0333778b9c7718",
            "description": "Allow HTTP inbound traffic,Allow all outbound traffic",
            "egress": [
              {
                "cidr_blocks": [
                  "0.0.0.0/0"
                ],
                "description": "allow all traffic outbound",
                "from_port": 0,
                "ipv6_cidr_blocks": [],
                "prefix_list_ids": [],
                "protocol": "-1",
                "security_groups": [],
                "self": false,
                "to_port": 0
              }
            ],
            "id": "sg-0cf0333778b9c7718",
            "ingress": [
              {
                "cidr_blocks": [
                  "0.0.0.0/0"
                ],
                "description": "allow http inbound",
                "from_port": 80,
                "ipv6_cidr_blocks": [],
                "prefix_list_ids": [],
                "protocol": "tcp",
                "security_groups": [],
                "self": false,
                "to_port": 80
              }
            ],
            "name": "sanju_gp",
            "name_prefix": "",
            "owner_id": "502816329290",
            "revoke_rules_on_delete": false,
            "tags": null,
            "timeouts": null,
            "vpc_id": "vpc-d13ac5ba"
          },
          "sensitive_attributes": [],
          "private": "eyJlMmJmYjczMC1lY2FhLTExZTYtOGY4OC0zNDM2M2JjN2M0YzAiOnsiY3JlYXRlIjo2MDAwMDAwMDAwMDAsImRlbGV0ZSI6NjAwMDAwMDAwMDAwfSwic2NoZW1hX3ZlcnNpb24iOiIxIn0="
        }
      ]
    }
  ]
}
